// !$*UTF8*$!
{
	archiveVersion = 1;
	classes = {
	};
	objectVersion = 50;
	objects = {

/* Begin PBXBuildFile section */
		A4A75E8021452EAF00A83B9F /* AppDelegate.swift in Sources */ = {isa = PBXBuildFile; fileRef = A4A75E7F21452EAF00A83B9F /* AppDelegate.swift */; };
		A4A75E8221452EAF00A83B9F /* ViewController.swift in Sources */ = {isa = PBXBuildFile; fileRef = A4A75E8121452EAF00A83B9F /* ViewController.swift */; };
		A4A75E8521452EAF00A83B9F /* Main.storyboard in Resources */ = {isa = PBXBuildFile; fileRef = A4A75E8321452EAF00A83B9F /* Main.storyboard */; };
		A4A75E8721452EB200A83B9F /* Assets.xcassets in Resources */ = {isa = PBXBuildFile; fileRef = A4A75E8621452EB200A83B9F /* Assets.xcassets */; };
		A4A75E8A21452EB200A83B9F /* LaunchScreen.storyboard in Resources */ = {isa = PBXBuildFile; fileRef = A4A75E8821452EB200A83B9F /* LaunchScreen.storyboard */; };
		A4A75E922145338400A83B9F /* Balham.otf in Resources */ = {isa = PBXBuildFile; fileRef = A4A75E912145338400A83B9F /* Balham.otf */; };
		A4A75E98214539FA00A83B9F /* Question.swift in Sources */ = {isa = PBXBuildFile; fileRef = A4A75E97214539FA00A83B9F /* Question.swift */; };
		A4A75E9A2145588100A83B9F /* Game.swift in Sources */ = {isa = PBXBuildFile; fileRef = A4A75E992145588000A83B9F /* Game.swift */; };
		A4A75E9C214558F200A83B9F /* QuestionManager.swift in Sources */ = {isa = PBXBuildFile; fileRef = A4A75E9B214558F200A83B9F /* QuestionManager.swift */; };
/* End PBXBuildFile section */

/* Begin PBXFileReference section */
		A4A75E7C21452EAF00A83B9F /* OpenQuizz.app */ = {isa = PBXFileReference; explicitFileType = wrapper.application; includeInIndex = 0; path = OpenQuizz.app; sourceTree = BUILT_PRODUCTS_DIR; };
		A4A75E7F21452EAF00A83B9F /* AppDelegate.swift */ = {isa = PBXFileReference; lastKnownFileType = sourcecode.swift; path = AppDelegate.swift; sourceTree = "<group>"; };
		A4A75E8121452EAF00A83B9F /* ViewController.swift */ = {isa = PBXFileReference; lastKnownFileType = sourcecode.swift; path = ViewController.swift; sourceTree = "<group>"; };
		A4A75E8421452EAF00A83B9F /* Base */ = {isa = PBXFileReference; lastKnownFileType = file.storyboard; name = Base; path = Base.lproj/Main.storyboard; sourceTree = "<group>"; };
		A4A75E8621452EB200A83B9F /* Assets.xcassets */ = {isa = PBXFileReference; lastKnownFileType = folder.assetcatalog; path = Assets.xcassets; sourceTree = "<group>"; };
		A4A75E8921452EB200A83B9F /* Base */ = {isa = PBXFileReference; lastKnownFileType = file.storyboard; name = Base; path = Base.lproj/LaunchScreen.storyboard; sourceTree = "<group>"; };
		A4A75E8B21452EB200A83B9F /* Info.plist */ = {isa = PBXFileReference; lastKnownFileType = text.plist.xml; path = Info.plist; sourceTree = "<group>"; };
		A4A75E912145338400A83B9F /* Balham.otf */ = {isa = PBXFileReference; lastKnownFileType = file; path = Balham.otf; sourceTree = "<group>"; };
		A4A75E97214539FA00A83B9F /* Question.swift */ = {isa = PBXFileReference; lastKnownFileType = sourcecode.swift; path = Question.swift; sourceTree = "<group>"; };
		A4A75E992145588000A83B9F /* Game.swift */ = {isa = PBXFileReference; lastKnownFileType = sourcecode.swift; path = Game.swift; sourceTree = "<group>"; };
		A4A75E9B214558F200A83B9F /* QuestionManager.swift */ = {isa = PBXFileReference; lastKnownFileType = sourcecode.swift; path = QuestionManager.swift; sourceTree = "<group>"; };
/* End PBXFileReference section */

/* Begin PBXFrameworksBuildPhase section */
		A4A75E7921452EAF00A83B9F /* Frameworks */ = {
			isa = PBXFrameworksBuildPhase;
			buildActionMask = 2147483647;
			files = (
			);
			runOnlyForDeploymentPostprocessing = 0;
		};
/* End PBXFrameworksBuildPhase section */

/* Begin PBXGroup section */
		A4A75E7321452EAF00A83B9F = {
			isa = PBXGroup;
			children = (
				A4A75E7E21452EAF00A83B9F /* OpenQuizz */,
				A4A75E7D21452EAF00A83B9F /* Products */,
			);
			sourceTree = "<group>";
		};
		A4A75E7D21452EAF00A83B9F /* Products */ = {
			isa = PBXGroup;
			children = (
				A4A75E7C21452EAF00A83B9F /* OpenQuizz.app */,
			);
			name = Products;
			sourceTree = "<group>";
		};
		A4A75E7E21452EAF00A83B9F /* OpenQuizz */ = {
			isa = PBXGroup;
			children = (
				A4A75E96214538FC00A83B9F /* SupportingFiles */,
				A4A75E95214538C000A83B9F /* Controller */,
				A4A75E94214538BB00A83B9F /* View */,
				A4A75E93214538AE00A83B9F /* Model */,
			);
			path = OpenQuizz;
			sourceTree = "<group>";
		};
		A4A75E93214538AE00A83B9F /* Model */ = {
			isa = PBXGroup;
			children = (
				A4A75E97214539FA00A83B9F /* Question.swift */,
				A4A75E992145588000A83B9F /* Game.swift */,
				A4A75E9B214558F200A83B9F /* QuestionManager.swift */,
			);
			path = Model;
			sourceTree = "<group>";
		};
		A4A75E94214538BB00A83B9F /* View */ = {
			isa = PBXGroup;
			children = (
				A4A75E8321452EAF00A83B9F /* Main.storyboard */,
			);
			path = View;
			sourceTree = "<group>";
		};
		A4A75E95214538C000A83B9F /* Controller */ = {
			isa = PBXGroup;
			children = (
				A4A75E8121452EAF00A83B9F /* ViewController.swift */,
			);
			path = Controller;
			sourceTree = "<group>";
		};
		A4A75E96214538FC00A83B9F /* SupportingFiles */ = {
			isa = PBXGroup;
			children = (
				A4A75E7F21452EAF00A83B9F /* AppDelegate.swift */,
				A4A75E912145338400A83B9F /* Balham.otf */,
				A4A75E8621452EB200A83B9F /* Assets.xcassets */,
				A4A75E8821452EB200A83B9F /* LaunchScreen.storyboard */,
				A4A75E8B21452EB200A83B9F /* Info.plist */,
			);
			path = SupportingFiles;
			sourceTree = "<group>";
		};
/* End PBXGroup section */

/* Begin PBXNativeTarget section */
		A4A75E7B21452EAF00A83B9F /* OpenQuizz */ = {
			isa = PBXNativeTarget;
			buildConfigurationList = A4A75E8E21452EB200A83B9F /* Build configuration list for PBXNativeTarget "OpenQuizz" */;
			buildPhases = (
				A4A75E7821452EAF00A83B9F /* Sources */,
				A4A75E7921452EAF00A83B9F /* Frameworks */,
				A4A75E7A21452EAF00A83B9F /* Resources */,
			);
			buildRules = (
			);
			dependencies = (
			);
			name = OpenQuizz;
			productName = OpenQuizz;
			productReference = A4A75E7C21452EAF00A83B9F /* OpenQuizz.app */;
			productType = "com.apple.product-type.application";
		};
/* End PBXNativeTarget section */

/* Begin PBXProject section */
		A4A75E7421452EAF00A83B9F /* Project object */ = {
			isa = PBXProject;
			attributes = {
				LastSwiftUpdateCheck = 0940;
				LastUpgradeCheck = 0940;
				ORGANIZATIONNAME = RCarter;
				TargetAttributes = {
					A4A75E7B21452EAF00A83B9F = {
						CreatedOnToolsVersion = 9.4.1;
					};
				};
			};
			buildConfigurationList = A4A75E7721452EAF00A83B9F /* Build configuration list for PBXProject "OpenQuizz" */;
			compatibilityVersion = "Xcode 9.3";
			developmentRegion = en;
			hasScannedForEncodings = 0;
			knownRegions = (
				en,
				Base,
			);
			mainGroup = A4A75E7321452EAF00A83B9F;
			productRefGroup = A4A75E7D21452EAF00A83B9F /* Products */;
			projectDirPath = "";
			projectRoot = "";
			targets = (
				A4A75E7B21452EAF00A83B9F /* OpenQuizz */,
			);
		};
/* End PBXProject section */

/* Begin PBXResourcesBuildPhase section */
		A4A75E7A21452EAF00A83B9F /* Resources */ = {
			isa = PBXResourcesBuildPhase;
			buildActionMask = 2147483647;
			files = (
				A4A75E8A21452EB200A83B9F /* LaunchScreen.storyboard in Resources */,
				A4A75E8721452EB200A83B9F /* Assets.xcassets in Resources */,
				A4A75E922145338400A83B9F /* Balham.otf in Resources */,
				A4A75E8521452EAF00A83B9F /* Main.storyboard in Resources */,
			);
			runOnlyForDeploymentPostprocessing = 0;
		};
/* End PBXResourcesBuildPhase section */

/* Begin PBXSourcesBuildPhase section */
		A4A75E7821452EAF00A83B9F /* Sources */ = {
			isa = PBXSourcesBuildPhase;
			buildActionMask = 2147483647;
			files = (
				A4A75E98214539FA00A83B9F /* Question.swift in Sources */,
				A4A75E8221452EAF00A83B9F /* ViewController.swift in Sources */,
				A4A75E8021452EAF00A83B9F /* AppDelegate.swift in Sources */,
				A4A75E9C214558F200A83B9F /* QuestionManager.swift in Sources */,
				A4A75E9A2145588100A83B9F /* Game.swift in Sources */,
			);
			runOnlyForDeploymentPostprocessing = 0;
		};
/* End PBXSourcesBuildPhase section */

/* Begin PBXVariantGroup section */
		A4A75E8321452EAF00A83B9F /* Main.storyboard */ = {
			isa = PBXVariantGroup;
			children = (
				A4A75E8421452EAF00A83B9F /* Base */,
			);
			name = Main.storyboard;
			sourceTree = "<group>";
		};
		A4A75E8821452EB200A83B9F /* LaunchScreen.storyboard */ = {
			isa = PBXVariantGroup;
			children = (
				A4A75E8921452EB200A83B9F /* Base */,
			);
			name = LaunchScreen.storyboard;
			sourceTree = "<group>";
		};
/* End PBXVariantGroup section */

/* Begin XCBuildConfiguration section */
		A4A75E8C21452EB200A83B9F /* Debug */ = {
			isa = XCBuildConfiguration;
			buildSettings = {
				ALWAYS_SEARCH_USER_PATHS = NO;
				CLANG_ANALYZER_NONNULL = YES;
				CLANG_ANALYZER_NUMBER_OBJECT_CONVERSION = YES_AGGRESSIVE;
				CLANG_CXX_LANGUAGE_STANDARD = "gnu++14";
				CLANG_CXX_LIBRARY = "libc++";
				CLANG_ENABLE_MODULES = YES;
				CLANG_ENABLE_OBJC_ARC = YES;
				CLANG_ENABLE_OBJC_WEAK = YES;
				CLANG_WARN_BLOCK_CAPTURE_AUTORELEASING = YES;
				CLANG_WARN_BOOL_CONVERSION = YES;
				CLANG_WARN_COMMA = YES;
				CLANG_WARN_CONSTANT_CONVERSION = YES;
				CLANG_WARN_DEPRECATED_OBJC_IMPLEMENTATIONS = YES;
				CLANG_WARN_DIRECT_OBJC_ISA_USAGE = YES_ERROR;
				CLANG_WARN_DOCUMENTATION_COMMENTS = YES;
				CLANG_WARN_EMPTY_BODY = YES;
				CLANG_WARN_ENUM_CONVERSION = YES;
				CLANG_WARN_INFINITE_RECURSION = YES;
				CLANG_WARN_INT_CONVERSION = YES;
				CLANG_WARN_NON_LITERAL_NULL_CONVERSION = YES;
				CLANG_WARN_OBJC_IMPLICIT_RETAIN_SELF = YES;
				CLANG_WARN_OBJC_LITERAL_CONVERSION = YES;
				CLANG_WARN_OBJC_ROOT_CLASS = YES_ERROR;
				CLANG_WARN_RANGE_LOOP_ANALYSIS = YES;
				CLANG_WARN_STRICT_PROTOTYPES = YES;
				CLANG_WARN_SUSPICIOUS_MOVE = YES;
				CLANG_WARN_UNGUARDED_AVAILABILITY = YES_AGGRESSIVE;
				CLANG_WARN_UNREACHABLE_CODE = YES;
				CLANG_WARN__DUPLICATE_METHOD_MATCH = YES;
				CODE_SIGN_IDENTITY = "iPhone Developer";
				COPY_PHASE_STRIP = NO;
				DEBUG_INFORMATION_FORMAT = dwarf;
				ENABLE_STRICT_OBJC_MSGSEND = YES;
				ENABLE_TESTABILITY = YES;
				GCC_C_LANGUAGE_STANDARD = gnu11;
				GCC_DYNAMIC_NO_PIC = NO;
				GCC_NO_COMMON_BLOCKS = YES;
				GCC_OPTIMIZATION_LEVEL = 0;
				GCC_PREPROCESSOR_DEFINITIONS = (
					"DEBUG=1",
					"$(inherited)",
				);
				GCC_WARN_64_TO_32_BIT_CONVERSION = YES;
				GCC_WARN_ABOUT_RETURN_TYPE = YES_ERROR;
				GCC_WARN_UNDECLARED_SELECTOR = YES;
				GCC_WARN_UNINITIALIZED_AUTOS = YES_AGGRESSIVE;
				GCC_WARN_UNUSED_FUNCTION = YES;
				GCC_WARN_UNUSED_VARIABLE = YES;
				IPHONEOS_DEPLOYMENT_TARGET = 11.4;
				MTL_ENABLE_DEBUG_INFO = YES;
				ONLY_ACTIVE_ARCH = YES;
				SDKROOT = iphoneos;
				SWIFT_ACTIVE_COMPILATION_CONDITIONS = DEBUG;
				SWIFT_OPTIMIZATION_LEVEL = "-Onone";
			};
			name = Debug;
		};
		A4A75E8D21452EB200A83B9F /* Release */ = {
			isa = XCBuildConfiguration;
			buildSettings = {
				ALWAYS_SEARCH_USER_PATHS = NO;
				CLANG_ANALYZER_NONNULL = YES;
				CLANG_ANALYZER_NUMBER_OBJECT_CONVERSION = YES_AGGRESSIVE;
				CLANG_CXX_LANGUAGE_STANDARD = "gnu++14";
				CLANG_CXX_LIBRARY = "libc++";
				CLANG_ENABLE_MODULES = YES;
				CLANG_ENABLE_OBJC_ARC = YES;
				CLANG_ENABLE_OBJC_WEAK = YES;
				CLANG_WARN_BLOCK_CAPTURE_AUTORELEASING = YES;
				CLANG_WARN_BOOL_CONVERSION = YES;
				CLANG_WARN_COMMA = YES;
				CLANG_WARN_CONSTANT_CONVERSION = YES;
				CLANG_WARN_DEPRECATED_OBJC_IMPLEMENTATIONS = YES;
				CLANG_WARN_DIRECT_OBJC_ISA_USAGE = YES_ERROR;
				CLANG_WARN_DOCUMENTATION_COMMENTS = YES;
				CLANG_WARN_EMPTY_BODY = YES;
				CLANG_WARN_ENUM_CONVERSION = YES;
				CLANG_WARN_INFINITE_RECURSION = YES;
				CLANG_WARN_INT_CONVERSION = YES;
				CLANG_WARN_NON_LITERAL_NULL_CONVERSION = YES;
				CLANG_WARN_OBJC_IMPLICIT_RETAIN_SELF = YES;
				CLANG_WARN_OBJC_LITERAL_CONVERSION = YES;
				CLANG_WARN_OBJC_ROOT_CLASS = YES_ERROR;
				CLANG_WARN_RANGE_LOOP_ANALYSIS = YES;
				CLANG_WARN_STRICT_PROTOTYPES = YES;
				CLANG_WARN_SUSPICIOUS_MOVE = YES;
				CLANG_WARN_UNGUARDED_AVAILABILITY = YES_AGGRESSIVE;
				CLANG_WARN_UNREACHABLE_CODE = YES;
				CLANG_WARN__DUPLICATE_METHOD_MATCH = YES;
				CODE_SIGN_IDENTITY = "iPhone Developer";
				COPY_PHASE_STRIP = NO;
				DEBUG_INFORMATION_FORMAT = "dwarf-with-dsym";
				ENABLE_NS_ASSERTIONS = NO;
				ENABLE_STRICT_OBJC_MSGSEND = YES;
				GCC_C_LANGUAGE_STANDARD = gnu11;
				GCC_NO_COMMON_BLOCKS = YES;
				GCC_WARN_64_TO_32_BIT_CONVERSION = YES;
				GCC_WARN_ABOUT_RETURN_TYPE = YES_ERROR;
				GCC_WARN_UNDECLARED_SELECTOR = YES;
				GCC_WARN_UNINITIALIZED_AUTOS = YES_AGGRESSIVE;
				GCC_WARN_UNUSED_FUNCTION = YES;
				GCC_WARN_UNUSED_VARIABLE = YES;
				IPHONEOS_DEPLOYMENT_TARGET = 11.4;
				MTL_ENABLE_DEBUG_INFO = NO;
				SDKROOT = iphoneos;
				SWIFT_COMPILATION_MODE = wholemodule;
				SWIFT_OPTIMIZATION_LEVEL = "-O";
				VALIDATE_PRODUCT = YES;
			};
			name = Release;
		};
		A4A75E8F21452EB200A83B9F /* Debug */ = {
			isa = XCBuildConfiguration;
			buildSettings = {
				ASSETCATALOG_COMPILER_APPICON_NAME = AppIcon;
				CODE_SIGN_STYLE = Automatic;
				DEVELOPMENT_TEAM = U52324P5H8;
				INFOPLIST_FILE = OpenQuizz/Info.plist;
				LD_RUNPATH_SEARCH_PATHS = (
					"$(inherited)",
					"@executable_path/Frameworks",
				);
				PRODUCT_BUNDLE_IDENTIFIER = RCarter.com.OpenQuizz;
				PRODUCT_NAME = "$(TARGET_NAME)";
				SWIFT_VERSION = 4.0;
				TARGETED_DEVICE_FAMILY = "1,2";
			};
			name = Debug;
		};
		A4A75E9021452EB200A83B9F /* Release */ = {
			isa = XCBuildConfiguration;
			buildSettings = {
				ASSETCATALOG_COMPILER_APPICON_NAME = AppIcon;
				CODE_SIGN_STYLE = Automatic;
				DEVELOPMENT_TEAM = U52324P5H8;
				INFOPLIST_FILE = OpenQuizz/Info.plist;
				LD_RUNPATH_SEARCH_PATHS = (
					"$(inherited)",
					"@executable_path/Frameworks",
				);
				PRODUCT_BUNDLE_IDENTIFIER = RCarter.com.OpenQuizz;
				PRODUCT_NAME = "$(TARGET_NAME)";
				SWIFT_VERSION = 4.0;
				TARGETED_DEVICE_FAMILY = "1,2";
			};
			name = Release;
		};
/* End XCBuildConfiguration section */

/* Begin XCConfigurationList section */
		A4A75E7721452EAF00A83B9F /* Build configuration list for PBXProject "OpenQuizz" */ = {
			isa = XCConfigurationList;
			buildConfigurations = (
				A4A75E8C21452EB200A83B9F /* Debug */,
				A4A75E8D21452EB200A83B9F /* Release */,
			);
			defaultConfigurationIsVisible = 0;
			defaultConfigurationName = Release;
		};
		A4A75E8E21452EB200A83B9F /* Build configuration list for PBXNativeTarget "OpenQuizz" */ = {
			isa = XCConfigurationList;
			buildConfigurations = (
				A4A75E8F21452EB200A83B9F /* Debug */,
				A4A75E9021452EB200A83B9F /* Release */,
			);
			defaultConfigurationIsVisible = 0;
			defaultConfigurationName = Release;
		};
/* End XCConfigurationList section */
	};
	rootObject = A4A75E7421452EAF00A83B9F /* Project object */;
}
